# THIS IS AN AUTOGENERATED FILE. DO NOT EDIT THIS FILE DIRECTLY.
# yarn lockfile v1


"@kartverket/geonorge-web-components@^2.23.3":
  version "2.22.3"
  resolved "https://registry.yarnpkg.com/@kartverket/geonorge-web-components/-/geonorge-web-components-2.22.3.tgz#590d08aefa12f37defec6a818bac03e6da3e937f"
  integrity sha512-RVih6ZvX6cf46mZgVdxBttHTqinM7mz0lBUaEflCxwRYkcV4yDVlF9DolJE2X5nftYDOCtFLPVnd1n5KFRr54w==
